Microsoft Visual Studio Solution File, Format Version 12.00
# Visual Studio Version 17
VisualStudioVersion = 17.5.2.0
MinimumVisualStudioVersion = 10.0.40219.1
Project("{FAE04EC0-301F-11D3-BF4B-00C04F79EFBC}") = "MSALAuthConsole", "MSALAuthConsole.csproj", "{07177B1F-18C8-A378-E340-0CE3A7DA63BE}"
EndProject
Global
	GlobalSection(SolutionConfigurationPlatforms) = preSolution
		Debug|Any CPU = Debug|Any CPU
		Release|Any CPU = Release|Any CPU
	EndGlobalSection
	GlobalSection(ProjectConfigurationPlatforms) = postSolution
		{07177B1F-18C8-A378-E340-0CE3A7DA63BE}.Debug|Any CPU.ActiveCfg = Debug|Any CPU
		{07177B1F-18C8-A378-E340-0CE3A7DA63BE}.Debug|Any CPU.Build.0 = Debug|Any CPU
		{07177B1F-18C8-A378-E340-0CE3A7DA63BE}.Release|Any CPU.ActiveCfg = Release|Any CPU
		{07177B1F-18C8-A378-E340-0CE3A7DA63BE}.Release|Any CPU.Build.0 = Release|Any CPU
	EndGlobalSection
	GlobalSection(SolutionProperties) = preSolution
		HideSolutionNode = FALSE
	EndGlobalSection
	GlobalSection(ExtensibilityGlobals) = postSolution
		SolutionGuid = {A319E60A-FC31-4A4B-8CCA-A3556D4E2DC9}
	EndGlobalSection
EndGlobal
